
Microsoft Visual Studio Solution File, Format Version 12.00
# Visual Studio 15
Project("{FAE04EC0-301F-11D3-BF4B-00C04F79EFBC}") = "Assembly-CSharp", "Assembly-CSharp.csproj", "{16895EE7-1FB9-93A9-ECE1-04903D07257F}"
EndProject
Global
	GlobalSection(SolutionConfigurationPlatforms) = preSolution
		Debug|Any CPU = Debug|Any CPU
		Release|Any CPU = Release|Any CPU
	EndGlobalSection
	GlobalSection(ProjectConfigurationPlatforms) = postSolution
		{16895EE7-1FB9-93A9-ECE1-04903D07257F}.Debug|Any CPU.ActiveCfg = Debug|Any CPU
		{16895EE7-1FB9-93A9-ECE1-04903D07257F}.Debug|Any CPU.Build.0 = Debug|Any CPU
		{16895EE7-1FB9-93A9-ECE1-04903D07257F}.Release|Any CPU.ActiveCfg = Release|Any CPU
		{16895EE7-1FB9-93A9-ECE1-04903D07257F}.Release|Any CPU.Build.0 = Release|Any CPU
	EndGlobalSection
	GlobalSection(SolutionProperties) = preSolution
		HideSolutionNode = FALSE
	EndGlobalSection
EndGlobal
